
Microsoft Visual Studio Solution File, Format Version 12.00
# Visual Studio 15
VisualStudioVersion = 15.0.28307.1231
MinimumVisualStudioVersion = 10.0.40219.1
Project("{FAE04EC0-301F-11D3-BF4B-00C04F79EFBC}") = "DemoORAndAND", "DemoORAndAND\DemoORAndAND.csproj", "{EADAAB3B-E972-4605-969D-402C6C9653EE}"
EndProject
Global
	GlobalSection(SolutionConfigurationPlatforms) = preSolution
		Debug|Any CPU = Debug|Any CPU
		Release|Any CPU = Release|Any CPU
	EndGlobalSection
	GlobalSection(ProjectConfigurationPlatforms) = postSolution
		{EADAAB3B-E972-4605-969D-402C6C9653EE}.Debug|Any CPU.ActiveCfg = Debug|Any CPU
		{EADAAB3B-E972-4605-969D-402C6C9653EE}.Debug|Any CPU.Build.0 = Debug|Any CPU
		{EADAAB3B-E972-4605-969D-402C6C9653EE}.Release|Any CPU.ActiveCfg = Release|Any CPU
		{EADAAB3B-E972-4605-969D-402C6C9653EE}.Release|Any CPU.Build.0 = Release|Any CPU
	EndGlobalSection
	GlobalSection(SolutionProperties) = preSolution
		HideSolutionNode = FALSE
	EndGlobalSection
	GlobalSection(ExtensibilityGlobals) = postSolution
		SolutionGuid = {0345C8D7-630F-487D-9FAA-28AB41190292}
	EndGlobalSection
EndGlobal
