
Microsoft Visual Studio Solution File, Format Version 12.00
# Visual Studio 15
VisualStudioVersion = 15.0.28307.1231
MinimumVisualStudioVersion = 10.0.40219.1
Project("{FAE04EC0-301F-11D3-BF4B-00C04F79EFBC}") = "DemoEscapeSequences", "DemoEscapeSequences\DemoEscapeSequences.csproj", "{8706363A-D04C-4B83-982C-F655104ADE5B}"
EndProject
Global
	GlobalSection(SolutionConfigurationPlatforms) = preSolution
		Debug|Any CPU = Debug|Any CPU
		Release|Any CPU = Release|Any CPU
	EndGlobalSection
	GlobalSection(ProjectConfigurationPlatforms) = postSolution
		{8706363A-D04C-4B83-982C-F655104ADE5B}.Debug|Any CPU.ActiveCfg = Debug|Any CPU
		{8706363A-D04C-4B83-982C-F655104ADE5B}.Debug|Any CPU.Build.0 = Debug|Any CPU
		{8706363A-D04C-4B83-982C-F655104ADE5B}.Release|Any CPU.ActiveCfg = Release|Any CPU
		{8706363A-D04C-4B83-982C-F655104ADE5B}.Release|Any CPU.Build.0 = Release|Any CPU
	EndGlobalSection
	GlobalSection(SolutionProperties) = preSolution
		HideSolutionNode = FALSE
	EndGlobalSection
	GlobalSection(ExtensibilityGlobals) = postSolution
		SolutionGuid = {54E2E085-8105-432F-ADB5-372BD6DE1382}
	EndGlobalSection
EndGlobal
