
Microsoft Visual Studio Solution File, Format Version 12.00
# Visual Studio 15
VisualStudioVersion = 15.0.28307.1231
MinimumVisualStudioVersion = 10.0.40219.1
Project("{FAE04EC0-301F-11D3-BF4B-00C04F79EFBC}") = "AboutMe", "AboutMe\AboutMe.csproj", "{F011A7E0-E1FF-40B8-BB08-BF9BA559D754}"
EndProject
Global
	GlobalSection(SolutionConfigurationPlatforms) = preSolution
		Debug|Any CPU = Debug|Any CPU
		Release|Any CPU = Release|Any CPU
	EndGlobalSection
	GlobalSection(ProjectConfigurationPlatforms) = postSolution
		{F011A7E0-E1FF-40B8-BB08-BF9BA559D754}.Debug|Any CPU.ActiveCfg = Debug|Any CPU
		{F011A7E0-E1FF-40B8-BB08-BF9BA559D754}.Debug|Any CPU.Build.0 = Debug|Any CPU
		{F011A7E0-E1FF-40B8-BB08-BF9BA559D754}.Release|Any CPU.ActiveCfg = Release|Any CPU
		{F011A7E0-E1FF-40B8-BB08-BF9BA559D754}.Release|Any CPU.Build.0 = Release|Any CPU
	EndGlobalSection
	GlobalSection(SolutionProperties) = preSolution
		HideSolutionNode = FALSE
	EndGlobalSection
	GlobalSection(ExtensibilityGlobals) = postSolution
		SolutionGuid = {B4BC6B2F-52AF-4466-8BB6-2EC37A642EAE}
	EndGlobalSection
EndGlobal
