
Microsoft Visual Studio Solution File, Format Version 12.00
# Visual Studio 15
VisualStudioVersion = 15.0.28307.1231
MinimumVisualStudioVersion = 10.0.40219.1
Project("{FAE04EC0-301F-11D3-BF4B-00C04F79EFBC}") = "YDI CH4", "YDI CH4\YDI CH4.csproj", "{DBB9E3AD-19A0-4F2A-8894-D60693EF8B1F}"
EndProject
Global
	GlobalSection(SolutionConfigurationPlatforms) = preSolution
		Debug|Any CPU = Debug|Any CPU
		Release|Any CPU = Release|Any CPU
	EndGlobalSection
	GlobalSection(ProjectConfigurationPlatforms) = postSolution
		{DBB9E3AD-19A0-4F2A-8894-D60693EF8B1F}.Debug|Any CPU.ActiveCfg = Debug|Any CPU
		{DBB9E3AD-19A0-4F2A-8894-D60693EF8B1F}.Debug|Any CPU.Build.0 = Debug|Any CPU
		{DBB9E3AD-19A0-4F2A-8894-D60693EF8B1F}.Release|Any CPU.ActiveCfg = Release|Any CPU
		{DBB9E3AD-19A0-4F2A-8894-D60693EF8B1F}.Release|Any CPU.Build.0 = Release|Any CPU
	EndGlobalSection
	GlobalSection(SolutionProperties) = preSolution
		HideSolutionNode = FALSE
	EndGlobalSection
	GlobalSection(ExtensibilityGlobals) = postSolution
		SolutionGuid = {428275B5-065D-43A5-8042-48D76E177CC7}
	EndGlobalSection
EndGlobal
