
Microsoft Visual Studio Solution File, Format Version 12.00
# Visual Studio 15
VisualStudioVersion = 15.0.28307.1231
MinimumVisualStudioVersion = 10.0.40219.1
Project("{FAE04EC0-301F-11D3-BF4B-00C04F79EFBC}") = "MoveEstimatorGUI", "MoveEstimatorGUI\MoveEstimatorGUI.csproj", "{D1F8DE1F-0BBA-46D8-8420-005285693CC8}"
EndProject
Global
	GlobalSection(SolutionConfigurationPlatforms) = preSolution
		Debug|Any CPU = Debug|Any CPU
		Release|Any CPU = Release|Any CPU
	EndGlobalSection
	GlobalSection(ProjectConfigurationPlatforms) = postSolution
		{D1F8DE1F-0BBA-46D8-8420-005285693CC8}.Debug|Any CPU.ActiveCfg = Debug|Any CPU
		{D1F8DE1F-0BBA-46D8-8420-005285693CC8}.Debug|Any CPU.Build.0 = Debug|Any CPU
		{D1F8DE1F-0BBA-46D8-8420-005285693CC8}.Release|Any CPU.ActiveCfg = Release|Any CPU
		{D1F8DE1F-0BBA-46D8-8420-005285693CC8}.Release|Any CPU.Build.0 = Release|Any CPU
	EndGlobalSection
	GlobalSection(SolutionProperties) = preSolution
		HideSolutionNode = FALSE
	EndGlobalSection
	GlobalSection(ExtensibilityGlobals) = postSolution
		SolutionGuid = {96A23A99-42A1-42B3-8087-630AB3D2609E}
	EndGlobalSection
EndGlobal
