
Microsoft Visual Studio Solution File, Format Version 12.00
# Visual Studio 15
VisualStudioVersion = 15.0.28307.1231
MinimumVisualStudioVersion = 10.0.40219.1
Project("{FAE04EC0-301F-11D3-BF4B-00C04F79EFBC}") = "Bill", "Bill\Bill.csproj", "{7D845F6B-AF54-4717-93C4-CBC66ED2FE3B}"
EndProject
Global
	GlobalSection(SolutionConfigurationPlatforms) = preSolution
		Debug|Any CPU = Debug|Any CPU
		Release|Any CPU = Release|Any CPU
	EndGlobalSection
	GlobalSection(ProjectConfigurationPlatforms) = postSolution
		{7D845F6B-AF54-4717-93C4-CBC66ED2FE3B}.Debug|Any CPU.ActiveCfg = Debug|Any CPU
		{7D845F6B-AF54-4717-93C4-CBC66ED2FE3B}.Debug|Any CPU.Build.0 = Debug|Any CPU
		{7D845F6B-AF54-4717-93C4-CBC66ED2FE3B}.Release|Any CPU.ActiveCfg = Release|Any CPU
		{7D845F6B-AF54-4717-93C4-CBC66ED2FE3B}.Release|Any CPU.Build.0 = Release|Any CPU
	EndGlobalSection
	GlobalSection(SolutionProperties) = preSolution
		HideSolutionNode = FALSE
	EndGlobalSection
	GlobalSection(ExtensibilityGlobals) = postSolution
		SolutionGuid = {A55ADE97-F811-4EA7-95B6-BF4B45F2D3A3}
	EndGlobalSection
EndGlobal
