
Microsoft Visual Studio Solution File, Format Version 12.00
# Visual Studio 15
VisualStudioVersion = 15.0.28307.1231
MinimumVisualStudioVersion = 10.0.40219.1
Project("{FAE04EC0-301F-11D3-BF4B-00C04F79EFBC}") = "ProjectedRaisesGUI", "ProjectedRaisesGUI\ProjectedRaisesGUI.csproj", "{4A52F051-BDD0-465F-AB75-4011002BFE6B}"
EndProject
Global
	GlobalSection(SolutionConfigurationPlatforms) = preSolution
		Debug|Any CPU = Debug|Any CPU
		Release|Any CPU = Release|Any CPU
	EndGlobalSection
	GlobalSection(ProjectConfigurationPlatforms) = postSolution
		{4A52F051-BDD0-465F-AB75-4011002BFE6B}.Debug|Any CPU.ActiveCfg = Debug|Any CPU
		{4A52F051-BDD0-465F-AB75-4011002BFE6B}.Debug|Any CPU.Build.0 = Debug|Any CPU
		{4A52F051-BDD0-465F-AB75-4011002BFE6B}.Release|Any CPU.ActiveCfg = Release|Any CPU
		{4A52F051-BDD0-465F-AB75-4011002BFE6B}.Release|Any CPU.Build.0 = Release|Any CPU
	EndGlobalSection
	GlobalSection(SolutionProperties) = preSolution
		HideSolutionNode = FALSE
	EndGlobalSection
	GlobalSection(ExtensibilityGlobals) = postSolution
		SolutionGuid = {CC5C02A9-6498-4A83-AC41-9699F56ED1B9}
	EndGlobalSection
EndGlobal
